
Microsoft Visual Studio Solution File, Format Version 12.00
# Visual Studio 15
VisualStudioVersion = 15.0.28307.2092
MinimumVisualStudioVersion = 10.0.40219.1
Project("{FAE04EC0-301F-11D3-BF4B-00C04F79EFBC}") = "Lab04_Tomchuk", "Lab04_Tomchuk\Lab04_Tomchuk.csproj", "{99AE0A8B-C5BB-4506-BE04-B32BD6D780E2}"
EndProject
Global
	GlobalSection(SolutionConfigurationPlatforms) = preSolution
		Debug|Any CPU = Debug|Any CPU
		Release|Any CPU = Release|Any CPU
	EndGlobalSection
	GlobalSection(ProjectConfigurationPlatforms) = postSolution
		{99AE0A8B-C5BB-4506-BE04-B32BD6D780E2}.Debug|Any CPU.ActiveCfg = Debug|Any CPU
		{99AE0A8B-C5BB-4506-BE04-B32BD6D780E2}.Debug|Any CPU.Build.0 = Debug|Any CPU
		{99AE0A8B-C5BB-4506-BE04-B32BD6D780E2}.Release|Any CPU.ActiveCfg = Release|Any CPU
		{99AE0A8B-C5BB-4506-BE04-B32BD6D780E2}.Release|Any CPU.Build.0 = Release|Any CPU
	EndGlobalSection
	GlobalSection(SolutionProperties) = preSolution
		HideSolutionNode = FALSE
	EndGlobalSection
	GlobalSection(ExtensibilityGlobals) = postSolution
		SolutionGuid = {890DEBA0-B38F-4069-984E-4ABF5E9239AF}
	EndGlobalSection
EndGlobal
